
Microsoft Visual Studio Solution File, Format Version 12.00
# Visual Studio Version 17
VisualStudioVersion = 17.1.32210.238
MinimumVisualStudioVersion = 10.0.40219.1
Project("{FAE04EC0-301F-11D3-BF4B-00C04F79EFBC}") = "ARMDataManager", "ARMDataManager\ARMDataManager.csproj", "{1E42C8CC-D69A-4B8F-8D38-5EBC04CF7710}"
EndProject
Project("{00D1A9C2-B5F0-4AF3-8072-F6C62B433612}") = "ARMData", "ARMData\ARMData.sqlproj", "{05797613-1D20-4246-BBF1-A1183463CDED}"
EndProject
Project("{FAE04EC0-301F-11D3-BF4B-00C04F79EFBC}") = "ARMDesktopUI", "ARMDesktopUI\ARMDesktopUI.csproj", "{10996F4E-36A0-4E2C-93ED-F146061E5118}"
EndProject
Project("{FAE04EC0-301F-11D3-BF4B-00C04F79EFBC}") = "ARMDataManager.Library", "AcmeDataManager.Library\ARMDataManager.Library.csproj", "{CE84A425-1F89-44BE-8FDF-9911BC2349E5}"
EndProject
Project("{FAE04EC0-301F-11D3-BF4B-00C04F79EFBC}") = "ARMDesktopUI.Library", "ARMDesktopUI.Library\ARMDesktopUI.Library.csproj", "{4CF503B1-55E4-4442-9CC6-3DE683F845CF}"
EndProject
Project("{2150E333-8FDC-42A3-9474-1A3956D46DE8}") = "Database", "Database", "{7EE9B50E-AB32-4947-8E08-14727F3E8757}"
EndProject
Project("{2150E333-8FDC-42A3-9474-1A3956D46DE8}") = "API", "API", "{C04B39A5-8C5B-475A-8E7A-A36730D70718}"
EndProject
Project("{2150E333-8FDC-42A3-9474-1A3956D46DE8}") = "WPF", "WPF", "{7038087F-C2D2-4D94-A862-824B10AAF262}"
EndProject
Global
	GlobalSection(SolutionConfigurationPlatforms) = preSolution
		Debug|Any CPU = Debug|Any CPU
		Release|Any CPU = Release|Any CPU
	EndGlobalSection
	GlobalSection(ProjectConfigurationPlatforms) = postSolution
		{1E42C8CC-D69A-4B8F-8D38-5EBC04CF7710}.Debug|Any CPU.ActiveCfg = Debug|Any CPU
		{1E42C8CC-D69A-4B8F-8D38-5EBC04CF7710}.Debug|Any CPU.Build.0 = Debug|Any CPU
		{1E42C8CC-D69A-4B8F-8D38-5EBC04CF7710}.Release|Any CPU.ActiveCfg = Release|Any CPU
		{1E42C8CC-D69A-4B8F-8D38-5EBC04CF7710}.Release|Any CPU.Build.0 = Release|Any CPU
		{05797613-1D20-4246-BBF1-A1183463CDED}.Debug|Any CPU.ActiveCfg = Debug|Any CPU
		{05797613-1D20-4246-BBF1-A1183463CDED}.Debug|Any CPU.Build.0 = Debug|Any CPU
		{05797613-1D20-4246-BBF1-A1183463CDED}.Debug|Any CPU.Deploy.0 = Debug|Any CPU
		{05797613-1D20-4246-BBF1-A1183463CDED}.Release|Any CPU.ActiveCfg = Release|Any CPU
		{05797613-1D20-4246-BBF1-A1183463CDED}.Release|Any CPU.Build.0 = Release|Any CPU
		{05797613-1D20-4246-BBF1-A1183463CDED}.Release|Any CPU.Deploy.0 = Release|Any CPU
		{10996F4E-36A0-4E2C-93ED-F146061E5118}.Debug|Any CPU.ActiveCfg = Debug|Any CPU
		{10996F4E-36A0-4E2C-93ED-F146061E5118}.Debug|Any CPU.Build.0 = Debug|Any CPU
		{10996F4E-36A0-4E2C-93ED-F146061E5118}.Release|Any CPU.ActiveCfg = Release|Any CPU
		{10996F4E-36A0-4E2C-93ED-F146061E5118}.Release|Any CPU.Build.0 = Release|Any CPU
		{CE84A425-1F89-44BE-8FDF-9911BC2349E5}.Debug|Any CPU.ActiveCfg = Debug|Any CPU
		{CE84A425-1F89-44BE-8FDF-9911BC2349E5}.Debug|Any CPU.Build.0 = Debug|Any CPU
		{CE84A425-1F89-44BE-8FDF-9911BC2349E5}.Release|Any CPU.ActiveCfg = Release|Any CPU
		{CE84A425-1F89-44BE-8FDF-9911BC2349E5}.Release|Any CPU.Build.0 = Release|Any CPU
		{4CF503B1-55E4-4442-9CC6-3DE683F845CF}.Debug|Any CPU.ActiveCfg = Debug|Any CPU
		{4CF503B1-55E4-4442-9CC6-3DE683F845CF}.Debug|Any CPU.Build.0 = Debug|Any CPU
		{4CF503B1-55E4-4442-9CC6-3DE683F845CF}.Release|Any CPU.ActiveCfg = Release|Any CPU
		{4CF503B1-55E4-4442-9CC6-3DE683F845CF}.Release|Any CPU.Build.0 = Release|Any CPU
	EndGlobalSection
	GlobalSection(SolutionProperties) = preSolution
		HideSolutionNode = FALSE
	EndGlobalSection
	GlobalSection(NestedProjects) = preSolution
		{1E42C8CC-D69A-4B8F-8D38-5EBC04CF7710} = {C04B39A5-8C5B-475A-8E7A-A36730D70718}
		{05797613-1D20-4246-BBF1-A1183463CDED} = {7EE9B50E-AB32-4947-8E08-14727F3E8757}
		{10996F4E-36A0-4E2C-93ED-F146061E5118} = {7038087F-C2D2-4D94-A862-824B10AAF262}
		{CE84A425-1F89-44BE-8FDF-9911BC2349E5} = {C04B39A5-8C5B-475A-8E7A-A36730D70718}
		{4CF503B1-55E4-4442-9CC6-3DE683F845CF} = {7038087F-C2D2-4D94-A862-824B10AAF262}
	EndGlobalSection
	GlobalSection(ExtensibilityGlobals) = postSolution
		SolutionGuid = {C7A86B6A-B775-4D81-A367-FCDDA645AA32}
	EndGlobalSection
EndGlobal
